
Microsoft Visual Studio Solution File, Format Version 12.00
# Visual Studio 15
VisualStudioVersion = 15.0.28307.902
MinimumVisualStudioVersion = 10.0.40219.1
Project("{8BC9CEB8-8B4A-11D0-8D11-00A0C91BC942}") = "WeChatContacts", "WeChatContacts\WeChatContacts.vcxproj", "{716CE058-1097-4CC7-AF50-0B7E28DE9A1A}"
EndProject
Global
	GlobalSection(SolutionConfigurationPlatforms) = preSolution
		Debug|x64 = Debug|x64
		Debug|x86 = Debug|x86
		Release|x64 = Release|x64
		Release|x86 = Release|x86
	EndGlobalSection
	GlobalSection(ProjectConfigurationPlatforms) = postSolution
		{716CE058-1097-4CC7-AF50-0B7E28DE9A1A}.Debug|x64.ActiveCfg = Debug|x64
		{716CE058-1097-4CC7-AF50-0B7E28DE9A1A}.Debug|x64.Build.0 = Debug|x64
		{716CE058-1097-4CC7-AF50-0B7E28DE9A1A}.Debug|x86.ActiveCfg = Debug|Win32
		{716CE058-1097-4CC7-AF50-0B7E28DE9A1A}.Debug|x86.Build.0 = Debug|Win32
		{716CE058-1097-4CC7-AF50-0B7E28DE9A1A}.Release|x64.ActiveCfg = Release|x64
		{716CE058-1097-4CC7-AF50-0B7E28DE9A1A}.Release|x64.Build.0 = Release|x64
		{716CE058-1097-4CC7-AF50-0B7E28DE9A1A}.Release|x86.ActiveCfg = Release|Win32
		{716CE058-1097-4CC7-AF50-0B7E28DE9A1A}.Release|x86.Build.0 = Release|Win32
	EndGlobalSection
	GlobalSection(SolutionProperties) = preSolution
		HideSolutionNode = FALSE
	EndGlobalSection
	GlobalSection(ExtensibilityGlobals) = postSolution
		SolutionGuid = {4E1F814E-30AE-4B9A-8EAE-8DCCA45D19A0}
	EndGlobalSection
EndGlobal
