
Microsoft Visual Studio Solution File, Format Version 12.00
# Visual Studio 15
VisualStudioVersion = 15.0.28307.902
MinimumVisualStudioVersion = 10.0.40219.1
Project("{8BC9CEB8-8B4A-11D0-8D11-00A0C91BC942}") = "WechatClearContact", "WechatClearContact\WechatClearContact.vcxproj", "{79181664-F9E7-47A5-8058-85B364957317}"
EndProject
Project("{8BC9CEB8-8B4A-11D0-8D11-00A0C91BC942}") = "WechatClearContactDLL", "WechatClearContactDLL\WechatClearContactDLL.vcxproj", "{C723FC30-A819-4668-95BF-4F0B6B620B0C}"
EndProject
Global
	GlobalSection(SolutionConfigurationPlatforms) = preSolution
		Debug|x64 = Debug|x64
		Debug|x86 = Debug|x86
		Release|x64 = Release|x64
		Release|x86 = Release|x86
	EndGlobalSection
	GlobalSection(ProjectConfigurationPlatforms) = postSolution
		{79181664-F9E7-47A5-8058-85B364957317}.Debug|x64.ActiveCfg = Debug|x64
		{79181664-F9E7-47A5-8058-85B364957317}.Debug|x64.Build.0 = Debug|x64
		{79181664-F9E7-47A5-8058-85B364957317}.Debug|x86.ActiveCfg = Debug|Win32
		{79181664-F9E7-47A5-8058-85B364957317}.Debug|x86.Build.0 = Debug|Win32
		{79181664-F9E7-47A5-8058-85B364957317}.Release|x64.ActiveCfg = Release|x64
		{79181664-F9E7-47A5-8058-85B364957317}.Release|x64.Build.0 = Release|x64
		{79181664-F9E7-47A5-8058-85B364957317}.Release|x86.ActiveCfg = Release|Win32
		{79181664-F9E7-47A5-8058-85B364957317}.Release|x86.Build.0 = Release|Win32
		{C723FC30-A819-4668-95BF-4F0B6B620B0C}.Debug|x64.ActiveCfg = Debug|x64
		{C723FC30-A819-4668-95BF-4F0B6B620B0C}.Debug|x64.Build.0 = Debug|x64
		{C723FC30-A819-4668-95BF-4F0B6B620B0C}.Debug|x86.ActiveCfg = Debug|Win32
		{C723FC30-A819-4668-95BF-4F0B6B620B0C}.Debug|x86.Build.0 = Debug|Win32
		{C723FC30-A819-4668-95BF-4F0B6B620B0C}.Release|x64.ActiveCfg = Release|x64
		{C723FC30-A819-4668-95BF-4F0B6B620B0C}.Release|x64.Build.0 = Release|x64
		{C723FC30-A819-4668-95BF-4F0B6B620B0C}.Release|x86.ActiveCfg = Release|Win32
		{C723FC30-A819-4668-95BF-4F0B6B620B0C}.Release|x86.Build.0 = Release|Win32
	EndGlobalSection
	GlobalSection(SolutionProperties) = preSolution
		HideSolutionNode = FALSE
	EndGlobalSection
	GlobalSection(ExtensibilityGlobals) = postSolution
		SolutionGuid = {4DBF16B8-407E-4C6E-84BA-236DC317072D}
	EndGlobalSection
EndGlobal
