
Microsoft Visual Studio Solution File, Format Version 12.00
# Visual Studio 15
VisualStudioVersion = 15.0.28307.902
MinimumVisualStudioVersion = 10.0.40219.1
Project("{8BC9CEB8-8B4A-11D0-8D11-00A0C91BC942}") = "DLLGetUserInfo", "DLLGetUserInfo\DLLGetUserInfo.vcxproj", "{D4B23420-D9DD-4728-8208-76379FFA4ED7}"
EndProject
Global
	GlobalSection(SolutionConfigurationPlatforms) = preSolution
		Debug|x64 = Debug|x64
		Debug|x86 = Debug|x86
		Release|x64 = Release|x64
		Release|x86 = Release|x86
	EndGlobalSection
	GlobalSection(ProjectConfigurationPlatforms) = postSolution
		{D4B23420-D9DD-4728-8208-76379FFA4ED7}.Debug|x64.ActiveCfg = Debug|x64
		{D4B23420-D9DD-4728-8208-76379FFA4ED7}.Debug|x64.Build.0 = Debug|x64
		{D4B23420-D9DD-4728-8208-76379FFA4ED7}.Debug|x86.ActiveCfg = Debug|Win32
		{D4B23420-D9DD-4728-8208-76379FFA4ED7}.Debug|x86.Build.0 = Debug|Win32
		{D4B23420-D9DD-4728-8208-76379FFA4ED7}.Release|x64.ActiveCfg = Release|x64
		{D4B23420-D9DD-4728-8208-76379FFA4ED7}.Release|x64.Build.0 = Release|x64
		{D4B23420-D9DD-4728-8208-76379FFA4ED7}.Release|x86.ActiveCfg = Release|Win32
		{D4B23420-D9DD-4728-8208-76379FFA4ED7}.Release|x86.Build.0 = Release|Win32
	EndGlobalSection
	GlobalSection(SolutionProperties) = preSolution
		HideSolutionNode = FALSE
	EndGlobalSection
	GlobalSection(ExtensibilityGlobals) = postSolution
		SolutionGuid = {0797A6D8-09BA-40B5-9766-AB5BE46CC82B}
	EndGlobalSection
EndGlobal
